
Microsoft Visual Studio Solution File, Format Version 12.00
# Visual Studio 2013
VisualStudioVersion = 12.0.31101.0
MinimumVisualStudioVersion = 10.0.40219.1
Project("{FAE04EC0-301F-11D3-BF4B-00C04F79EFBC}") = "Neo4jRepository", "Neo4jRepository\Neo4jRepository.csproj", "{44AD7F78-5557-46BA-B311-E10C6D0F6495}"
EndProject
Project("{FAE04EC0-301F-11D3-BF4B-00C04F79EFBC}") = "Neo4jRepository.ConsoleApp", "Neo4jRepository.ConsoleApp\Neo4jRepository.ConsoleApp.csproj", "{71087472-F12B-4162-9957-E0E51DF70461}"
EndProject
Project("{FAE04EC0-301F-11D3-BF4B-00C04F79EFBC}") = "Neo4jRepository.Repository", "Neo4jRepository.Repository\Neo4jRepository.Repository.csproj", "{595F6540-418E-4276-A6AD-671761F180B7}"
EndProject
Project("{FAE04EC0-301F-11D3-BF4B-00C04F79EFBC}") = "Neo4jRepository.Data", "Neo4jRepository.Data\Neo4jRepository.Data.csproj", "{B45012A9-6C36-46E0-900D-DAA60BEF6493}"
EndProject
Global
	GlobalSection(SolutionConfigurationPlatforms) = preSolution
		Debug|Any CPU = Debug|Any CPU
		Release|Any CPU = Release|Any CPU
	EndGlobalSection
	GlobalSection(ProjectConfigurationPlatforms) = postSolution
		{44AD7F78-5557-46BA-B311-E10C6D0F6495}.Debug|Any CPU.ActiveCfg = Debug|Any CPU
		{44AD7F78-5557-46BA-B311-E10C6D0F6495}.Debug|Any CPU.Build.0 = Debug|Any CPU
		{44AD7F78-5557-46BA-B311-E10C6D0F6495}.Release|Any CPU.ActiveCfg = Release|Any CPU
		{44AD7F78-5557-46BA-B311-E10C6D0F6495}.Release|Any CPU.Build.0 = Release|Any CPU
		{71087472-F12B-4162-9957-E0E51DF70461}.Debug|Any CPU.ActiveCfg = Debug|Any CPU
		{71087472-F12B-4162-9957-E0E51DF70461}.Debug|Any CPU.Build.0 = Debug|Any CPU
		{71087472-F12B-4162-9957-E0E51DF70461}.Release|Any CPU.ActiveCfg = Release|Any CPU
		{71087472-F12B-4162-9957-E0E51DF70461}.Release|Any CPU.Build.0 = Release|Any CPU
		{595F6540-418E-4276-A6AD-671761F180B7}.Debug|Any CPU.ActiveCfg = Debug|Any CPU
		{595F6540-418E-4276-A6AD-671761F180B7}.Debug|Any CPU.Build.0 = Debug|Any CPU
		{595F6540-418E-4276-A6AD-671761F180B7}.Release|Any CPU.ActiveCfg = Release|Any CPU
		{595F6540-418E-4276-A6AD-671761F180B7}.Release|Any CPU.Build.0 = Release|Any CPU
		{B45012A9-6C36-46E0-900D-DAA60BEF6493}.Debug|Any CPU.ActiveCfg = Debug|Any CPU
		{B45012A9-6C36-46E0-900D-DAA60BEF6493}.Debug|Any CPU.Build.0 = Debug|Any CPU
		{B45012A9-6C36-46E0-900D-DAA60BEF6493}.Release|Any CPU.ActiveCfg = Release|Any CPU
		{B45012A9-6C36-46E0-900D-DAA60BEF6493}.Release|Any CPU.Build.0 = Release|Any CPU
	EndGlobalSection
	GlobalSection(SolutionProperties) = preSolution
		HideSolutionNode = FALSE
	EndGlobalSection
EndGlobal
